// !$*UTF8*$!
{
	archiveVersion = 1;
	classes = {
	};
	objectVersion = 50;
	objects = {

/* Begin PBXBuildFile section */
		2792CC132267CBC300D6C868 /* AppDelegate.swift in Sources */ = {isa = PBXBuildFile; fileRef = 2792CC122267CBC300D6C868 /* AppDelegate.swift */; };
		2792CC152267CBC300D6C868 /* art.scnassets in Resources */ = {isa = PBXBuildFile; fileRef = 2792CC142267CBC300D6C868 /* art.scnassets */; };
		2792CC172267CBC300D6C868 /* ViewController.swift in Sources */ = {isa = PBXBuildFile; fileRef = 2792CC162267CBC300D6C868 /* ViewController.swift */; };
		2792CC1A2267CBC300D6C868 /* Main.storyboard in Resources */ = {isa = PBXBuildFile; fileRef = 2792CC182267CBC300D6C868 /* Main.storyboard */; };
		2792CC1C2267CBC800D6C868 /* Assets.xcassets in Resources */ = {isa = PBXBuildFile; fileRef = 2792CC1B2267CBC800D6C868 /* Assets.xcassets */; };
		2792CC1F2267CBC800D6C868 /* LaunchScreen.storyboard in Resources */ = {isa = PBXBuildFile; fileRef = 2792CC1D2267CBC800D6C868 /* LaunchScreen.storyboard */; };
/* End PBXBuildFile section */

/* Begin PBXFileReference section */
		2792CC0F2267CBC300D6C868 /* Buisness Card.app */ = {isa = PBXFileReference; explicitFileType = wrapper.application; includeInIndex = 0; path = "Buisness Card.app"; sourceTree = BUILT_PRODUCTS_DIR; };
		2792CC122267CBC300D6C868 /* AppDelegate.swift */ = {isa = PBXFileReference; lastKnownFileType = sourcecode.swift; path = AppDelegate.swift; sourceTree = "<group>"; };
		2792CC142267CBC300D6C868 /* art.scnassets */ = {isa = PBXFileReference; lastKnownFileType = wrapper.scnassets; path = art.scnassets; sourceTree = "<group>"; };
		2792CC162267CBC300D6C868 /* ViewController.swift */ = {isa = PBXFileReference; lastKnownFileType = sourcecode.swift; path = ViewController.swift; sourceTree = "<group>"; };
		2792CC192267CBC300D6C868 /* Base */ = {isa = PBXFileReference; lastKnownFileType = file.storyboard; name = Base; path = Base.lproj/Main.storyboard; sourceTree = "<group>"; };
		2792CC1B2267CBC800D6C868 /* Assets.xcassets */ = {isa = PBXFileReference; lastKnownFileType = folder.assetcatalog; path = Assets.xcassets; sourceTree = "<group>"; };
		2792CC1E2267CBC800D6C868 /* Base */ = {isa = PBXFileReference; lastKnownFileType = file.storyboard; name = Base; path = Base.lproj/LaunchScreen.storyboard; sourceTree = "<group>"; };
		2792CC202267CBC800D6C868 /* Info.plist */ = {isa = PBXFileReference; lastKnownFileType = text.plist.xml; path = Info.plist; sourceTree = "<group>"; };
/* End PBXFileReference section */

/* Begin PBXFrameworksBuildPhase section */
		2792CC0C2267CBC300D6C868 /* Frameworks */ = {
			isa = PBXFrameworksBuildPhase;
			buildActionMask = 2147483647;
			files = (
			);
			runOnlyForDeploymentPostprocessing = 0;
		};
/* End PBXFrameworksBuildPhase section */

/* Begin PBXGroup section */
		2792CC062267CBC300D6C868 = {
			isa = PBXGroup;
			children = (
				2792CC112267CBC300D6C868 /* Buisness Card */,
				2792CC102267CBC300D6C868 /* Products */,
			);
			sourceTree = "<group>";
		};
		2792CC102267CBC300D6C868 /* Products */ = {
			isa = PBXGroup;
			children = (
				2792CC0F2267CBC300D6C868 /* Buisness Card.app */,
			);
			name = Products;
			sourceTree = "<group>";
		};
		2792CC112267CBC300D6C868 /* Buisness Card */ = {
			isa = PBXGroup;
			children = (
				2792CC122267CBC300D6C868 /* AppDelegate.swift */,
				2792CC142267CBC300D6C868 /* art.scnassets */,
				2792CC162267CBC300D6C868 /* ViewController.swift */,
				2792CC182267CBC300D6C868 /* Main.storyboard */,
				2792CC1B2267CBC800D6C868 /* Assets.xcassets */,
				2792CC1D2267CBC800D6C868 /* LaunchScreen.storyboard */,
				2792CC202267CBC800D6C868 /* Info.plist */,
			);
			path = "Buisness Card";
			sourceTree = "<group>";
		};
/* End PBXGroup section */

/* Begin PBXNativeTarget section */
		2792CC0E2267CBC300D6C868 /* Buisness Card */ = {
			isa = PBXNativeTarget;
			buildConfigurationList = 2792CC232267CBC800D6C868 /* Build configuration list for PBXNativeTarget "Buisness Card" */;
			buildPhases = (
				2792CC0B2267CBC300D6C868 /* Sources */,
				2792CC0C2267CBC300D6C868 /* Frameworks */,
				2792CC0D2267CBC300D6C868 /* Resources */,
			);
			buildRules = (
			);
			dependencies = (
			);
			name = "Buisness Card";
			productName = "Buisness Card";
			productReference = 2792CC0F2267CBC300D6C868 /* Buisness Card.app */;
			productType = "com.apple.product-type.application";
		};
/* End PBXNativeTarget section */

/* Begin PBXProject section */
		2792CC072267CBC300D6C868 /* Project object */ = {
			isa = PBXProject;
			attributes = {
				LastSwiftUpdateCheck = 1020;
				LastUpgradeCheck = 1020;
				ORGANIZATIONNAME = "nicholas landreville";
				TargetAttributes = {
					2792CC0E2267CBC300D6C868 = {
						CreatedOnToolsVersion = 10.2;
					};
				};
			};
			buildConfigurationList = 2792CC0A2267CBC300D6C868 /* Build configuration list for PBXProject "Buisness Card" */;
			compatibilityVersion = "Xcode 9.3";
			developmentRegion = en;
			hasScannedForEncodings = 0;
			knownRegions = (
				en,
				Base,
			);
			mainGroup = 2792CC062267CBC300D6C868;
			productRefGroup = 2792CC102267CBC300D6C868 /* Products */;
			projectDirPath = "";
			projectRoot = "";
			targets = (
				2792CC0E2267CBC300D6C868 /* Buisness Card */,
			);
		};
/* End PBXProject section */

/* Begin PBXResourcesBuildPhase section */
		2792CC0D2267CBC300D6C868 /* Resources */ = {
			isa = PBXResourcesBuildPhase;
			buildActionMask = 2147483647;
			files = (
				2792CC152267CBC300D6C868 /* art.scnassets in Resources */,
				2792CC1F2267CBC800D6C868 /* LaunchScreen.storyboard in Resources */,
				2792CC1C2267CBC800D6C868 /* Assets.xcassets in Resources */,
				2792CC1A2267CBC300D6C868 /* Main.storyboard in Resources */,
			);
			runOnlyForDeploymentPostprocessing = 0;
		};
/* End PBXResourcesBuildPhase section */

/* Begin PBXSourcesBuildPhase section */
		2792CC0B2267CBC300D6C868 /* Sources */ = {
			isa = PBXSourcesBuildPhase;
			buildActionMask = 2147483647;
			files = (
				2792CC172267CBC300D6C868 /* ViewController.swift in Sources */,
				2792CC132267CBC300D6C868 /* AppDelegate.swift in Sources */,
			);
			runOnlyForDeploymentPostprocessing = 0;
		};
/* End PBXSourcesBuildPhase section */

/* Begin PBXVariantGroup section */
		2792CC182267CBC300D6C868 /* Main.storyboard */ = {
			isa = PBXVariantGroup;
			children = (
				2792CC192267CBC300D6C868 /* Base */,
			);
			name = Main.storyboard;
			sourceTree = "<group>";
		};
		2792CC1D2267CBC800D6C868 /* LaunchScreen.storyboard */ = {
			isa = PBXVariantGroup;
			children = (
				2792CC1E2267CBC800D6C868 /* Base */,
			);
			name = LaunchScreen.storyboard;
			sourceTree = "<group>";
		};
/* End PBXVariantGroup section */

/* Begin XCBuildConfiguration section */
		2792CC212267CBC800D6C868 /* Debug */ = {
			isa = XCBuildConfiguration;
			buildSettings = {
				ALWAYS_SEARCH_USER_PATHS = NO;
				CLANG_ANALYZER_NONNULL = YES;
				CLANG_ANALYZER_NUMBER_OBJECT_CONVERSION = YES_AGGRESSIVE;
				CLANG_CXX_LANGUAGE_STANDARD = "gnu++14";
				CLANG_CXX_LIBRARY = "libc++";
				CLANG_ENABLE_MODULES = YES;
				CLANG_ENABLE_OBJC_ARC = YES;
				CLANG_ENABLE_OBJC_WEAK = YES;
				CLANG_WARN_BLOCK_CAPTURE_AUTORELEASING = YES;
				CLANG_WARN_BOOL_CONVERSION = YES;
				CLANG_WARN_COMMA = YES;
				CLANG_WARN_CONSTANT_CONVERSION = YES;
				CLANG_WARN_DEPRECATED_OBJC_IMPLEMENTATIONS = YES;
				CLANG_WARN_DIRECT_OBJC_ISA_USAGE = YES_ERROR;
				CLANG_WARN_DOCUMENTATION_COMMENTS = YES;
				CLANG_WARN_EMPTY_BODY = YES;
				CLANG_WARN_ENUM_CONVERSION = YES;
				CLANG_WARN_INFINITE_RECURSION = YES;
				CLANG_WARN_INT_CONVERSION = YES;
				CLANG_WARN_NON_LITERAL_NULL_CONVERSION = YES;
				CLANG_WARN_OBJC_IMPLICIT_RETAIN_SELF = YES;
				CLANG_WARN_OBJC_LITERAL_CONVERSION = YES;
				CLANG_WARN_OBJC_ROOT_CLASS = YES_ERROR;
				CLANG_WARN_RANGE_LOOP_ANALYSIS = YES;
				CLANG_WARN_STRICT_PROTOTYPES = YES;
				CLANG_WARN_SUSPICIOUS_MOVE = YES;
				CLANG_WARN_UNGUARDED_AVAILABILITY = YES_AGGRESSIVE;
				CLANG_WARN_UNREACHABLE_CODE = YES;
				CLANG_WARN__DUPLICATE_METHOD_MATCH = YES;
				CODE_SIGN_IDENTITY = "iPhone Developer";
				COPY_PHASE_STRIP = NO;
				DEBUG_INFORMATION_FORMAT = dwarf;
				ENABLE_STRICT_OBJC_MSGSEND = YES;
				ENABLE_TESTABILITY = YES;
				GCC_C_LANGUAGE_STANDARD = gnu11;
				GCC_DYNAMIC_NO_PIC = NO;
				GCC_NO_COMMON_BLOCKS = YES;
				GCC_OPTIMIZATION_LEVEL = 0;
				GCC_PREPROCESSOR_DEFINITIONS = (
					"DEBUG=1",
					"$(inherited)",
				);
				GCC_WARN_64_TO_32_BIT_CONVERSION = YES;
				GCC_WARN_ABOUT_RETURN_TYPE = YES_ERROR;
				GCC_WARN_UNDECLARED_SELECTOR = YES;
				GCC_WARN_UNINITIALIZED_AUTOS = YES_AGGRESSIVE;
				GCC_WARN_UNUSED_FUNCTION = YES;
				GCC_WARN_UNUSED_VARIABLE = YES;
				IPHONEOS_DEPLOYMENT_TARGET = 12.2;
				MTL_ENABLE_DEBUG_INFO = INCLUDE_SOURCE;
				MTL_FAST_MATH = YES;
				ONLY_ACTIVE_ARCH = YES;
				SDKROOT = iphoneos;
				SWIFT_ACTIVE_COMPILATION_CONDITIONS = DEBUG;
				SWIFT_OPTIMIZATION_LEVEL = "-Onone";
			};
			name = Debug;
		};
		2792CC222267CBC800D6C868 /* Release */ = {
			isa = XCBuildConfiguration;
			buildSettings = {
				ALWAYS_SEARCH_USER_PATHS = NO;
				CLANG_ANALYZER_NONNULL = YES;
				CLANG_ANALYZER_NUMBER_OBJECT_CONVERSION = YES_AGGRESSIVE;
				CLANG_CXX_LANGUAGE_STANDARD = "gnu++14";
				CLANG_CXX_LIBRARY = "libc++";
				CLANG_ENABLE_MODULES = YES;
				CLANG_ENABLE_OBJC_ARC = YES;
				CLANG_ENABLE_OBJC_WEAK = YES;
				CLANG_WARN_BLOCK_CAPTURE_AUTORELEASING = YES;
				CLANG_WARN_BOOL_CONVERSION = YES;
				CLANG_WARN_COMMA = YES;
				CLANG_WARN_CONSTANT_CONVERSION = YES;
				CLANG_WARN_DEPRECATED_OBJC_IMPLEMENTATIONS = YES;
				CLANG_WARN_DIRECT_OBJC_ISA_USAGE = YES_ERROR;
				CLANG_WARN_DOCUMENTATION_COMMENTS = YES;
				CLANG_WARN_EMPTY_BODY = YES;
				CLANG_WARN_ENUM_CONVERSION = YES;
				CLANG_WARN_INFINITE_RECURSION = YES;
				CLANG_WARN_INT_CONVERSION = YES;
				CLANG_WARN_NON_LITERAL_NULL_CONVERSION = YES;
				CLANG_WARN_OBJC_IMPLICIT_RETAIN_SELF = YES;
				CLANG_WARN_OBJC_LITERAL_CONVERSION = YES;
				CLANG_WARN_OBJC_ROOT_CLASS = YES_ERROR;
				CLANG_WARN_RANGE_LOOP_ANALYSIS = YES;
				CLANG_WARN_STRICT_PROTOTYPES = YES;
				CLANG_WARN_SUSPICIOUS_MOVE = YES;
				CLANG_WARN_UNGUARDED_AVAILABILITY = YES_AGGRESSIVE;
				CLANG_WARN_UNREACHABLE_CODE = YES;
				CLANG_WARN__DUPLICATE_METHOD_MATCH = YES;
				CODE_SIGN_IDENTITY = "iPhone Developer";
				COPY_PHASE_STRIP = NO;
				DEBUG_INFORMATION_FORMAT = "dwarf-with-dsym";
				ENABLE_NS_ASSERTIONS = NO;
				ENABLE_STRICT_OBJC_MSGSEND = YES;
				GCC_C_LANGUAGE_STANDARD = gnu11;
				GCC_NO_COMMON_BLOCKS = YES;
				GCC_WARN_64_TO_32_BIT_CONVERSION = YES;
				GCC_WARN_ABOUT_RETURN_TYPE = YES_ERROR;
				GCC_WARN_UNDECLARED_SELECTOR = YES;
				GCC_WARN_UNINITIALIZED_AUTOS = YES_AGGRESSIVE;
				GCC_WARN_UNUSED_FUNCTION = YES;
				GCC_WARN_UNUSED_VARIABLE = YES;
				IPHONEOS_DEPLOYMENT_TARGET = 12.2;
				MTL_ENABLE_DEBUG_INFO = NO;
				MTL_FAST_MATH = YES;
				SDKROOT = iphoneos;
				SWIFT_COMPILATION_MODE = wholemodule;
				SWIFT_OPTIMIZATION_LEVEL = "-O";
				VALIDATE_PRODUCT = YES;
			};
			name = Release;
		};
		2792CC242267CBC800D6C868 /* Debug */ = {
			isa = XCBuildConfiguration;
			buildSettings = {
				ASSETCATALOG_COMPILER_APPICON_NAME = AppIcon;
				CODE_SIGN_STYLE = Automatic;
				DEVELOPMENT_TEAM = WLUZAA9T8C;
				INFOPLIST_FILE = "Buisness Card/Info.plist";
				LD_RUNPATH_SEARCH_PATHS = (
					"$(inherited)",
					"@executable_path/Frameworks",
				);
				PRODUCT_BUNDLE_IDENTIFIER = "nicholas-landreville.Buisness-Card";
				PRODUCT_NAME = "$(TARGET_NAME)";
				SWIFT_VERSION = 5.0;
				TARGETED_DEVICE_FAMILY = "1,2";
			};
			name = Debug;
		};
		2792CC252267CBC800D6C868 /* Release */ = {
			isa = XCBuildConfiguration;
			buildSettings = {
				ASSETCATALOG_COMPILER_APPICON_NAME = AppIcon;
				CODE_SIGN_STYLE = Automatic;
				DEVELOPMENT_TEAM = WLUZAA9T8C;
				INFOPLIST_FILE = "Buisness Card/Info.plist";
				LD_RUNPATH_SEARCH_PATHS = (
					"$(inherited)",
					"@executable_path/Frameworks",
				);
				PRODUCT_BUNDLE_IDENTIFIER = "nicholas-landreville.Buisness-Card";
				PRODUCT_NAME = "$(TARGET_NAME)";
				SWIFT_VERSION = 5.0;
				TARGETED_DEVICE_FAMILY = "1,2";
			};
			name = Release;
		};
/* End XCBuildConfiguration section */

/* Begin XCConfigurationList section */
		2792CC0A2267CBC300D6C868 /* Build configuration list for PBXProject "Buisness Card" */ = {
			isa = XCConfigurationList;
			buildConfigurations = (
				2792CC212267CBC800D6C868 /* Debug */,
				2792CC222267CBC800D6C868 /* Release */,
			);
			defaultConfigurationIsVisible = 0;
			defaultConfigurationName = Release;
		};
		2792CC232267CBC800D6C868 /* Build configuration list for PBXNativeTarget "Buisness Card" */ = {
			isa = XCConfigurationList;
			buildConfigurations = (
				2792CC242267CBC800D6C868 /* Debug */,
				2792CC252267CBC800D6C868 /* Release */,
			);
			defaultConfigurationIsVisible = 0;
			defaultConfigurationName = Release;
		};
/* End XCConfigurationList section */
	};
	rootObject = 2792CC072267CBC300D6C868 /* Project object */;
}
